
Microsoft Visual Studio Solution File, Format Version 12.00
# Visual Studio 2013
VisualStudioVersion = 12.0.21005.1
MinimumVisualStudioVersion = 10.0.40219.1
Project("{FAE04EC0-301F-11D3-BF4B-00C04F79EFBC}") = "InoDrive.Web", "InoDrive.Web\InoDrive.Web.csproj", "{FAF63DF8-F55E-4794-8ED8-E7D035836D60}"
EndProject
Project("{FAE04EC0-301F-11D3-BF4B-00C04F79EFBC}") = "InoDrive.Api", "InoDrive.Api\InoDrive.Api.csproj", "{C3A9EFA1-3059-4C2C-86D2-013B5127B914}"
EndProject
Project("{FAE04EC0-301F-11D3-BF4B-00C04F79EFBC}") = "InoDrive.Domain", "InoDrive.Domain\InoDrive.Domain.csproj", "{5B3606CB-D05D-4FD5-97A4-224DC84897E3}"
EndProject
Global
	GlobalSection(SolutionConfigurationPlatforms) = preSolution
		Debug|Any CPU = Debug|Any CPU
		Release|Any CPU = Release|Any CPU
	EndGlobalSection
	GlobalSection(ProjectConfigurationPlatforms) = postSolution
		{FAF63DF8-F55E-4794-8ED8-E7D035836D60}.Debug|Any CPU.ActiveCfg = Debug|Any CPU
		{FAF63DF8-F55E-4794-8ED8-E7D035836D60}.Debug|Any CPU.Build.0 = Debug|Any CPU
		{FAF63DF8-F55E-4794-8ED8-E7D035836D60}.Release|Any CPU.ActiveCfg = Release|Any CPU
		{FAF63DF8-F55E-4794-8ED8-E7D035836D60}.Release|Any CPU.Build.0 = Release|Any CPU
		{C3A9EFA1-3059-4C2C-86D2-013B5127B914}.Debug|Any CPU.ActiveCfg = Debug|Any CPU
		{C3A9EFA1-3059-4C2C-86D2-013B5127B914}.Debug|Any CPU.Build.0 = Debug|Any CPU
		{C3A9EFA1-3059-4C2C-86D2-013B5127B914}.Release|Any CPU.ActiveCfg = Release|Any CPU
		{C3A9EFA1-3059-4C2C-86D2-013B5127B914}.Release|Any CPU.Build.0 = Release|Any CPU
		{5B3606CB-D05D-4FD5-97A4-224DC84897E3}.Debug|Any CPU.ActiveCfg = Debug|Any CPU
		{5B3606CB-D05D-4FD5-97A4-224DC84897E3}.Debug|Any CPU.Build.0 = Debug|Any CPU
		{5B3606CB-D05D-4FD5-97A4-224DC84897E3}.Release|Any CPU.ActiveCfg = Release|Any CPU
		{5B3606CB-D05D-4FD5-97A4-224DC84897E3}.Release|Any CPU.Build.0 = Release|Any CPU
	EndGlobalSection
	GlobalSection(SolutionProperties) = preSolution
		HideSolutionNode = FALSE
	EndGlobalSection
EndGlobal
